
Microsoft Visual Studio Solution File, Format Version 12.00
# Visual Studio 2012
Project("{8BC9CEB8-8B4A-11D0-8D11-00A0C91BC942}") = "OOP_test_application_1", "OOP_test_application_1\OOP_test_application_1.vcxproj", "{52731501-5348-40E1-A1E1-0D21C31009CC}"
EndProject
Project("{8BC9CEB8-8B4A-11D0-8D11-00A0C91BC942}") = "Buff_lab", "Buff_lab\Buff_lab.vcxproj", "{98FF9AEC-5AFE-4E24-B87B-A2815564223E}"
EndProject
Project("{8BC9CEB8-8B4A-11D0-8D11-00A0C91BC942}") = "Lab_02", "Lab_02\Lab_02.vcxproj", "{55A3391D-580C-4BE7-9474-81222515C319}"
EndProject
Global
	GlobalSection(SolutionConfigurationPlatforms) = preSolution
		Debug|Win32 = Debug|Win32
		Release|Win32 = Release|Win32
	EndGlobalSection
	GlobalSection(ProjectConfigurationPlatforms) = postSolution
		{52731501-5348-40E1-A1E1-0D21C31009CC}.Debug|Win32.ActiveCfg = Debug|Win32
		{52731501-5348-40E1-A1E1-0D21C31009CC}.Debug|Win32.Build.0 = Debug|Win32
		{52731501-5348-40E1-A1E1-0D21C31009CC}.Release|Win32.ActiveCfg = Release|Win32
		{52731501-5348-40E1-A1E1-0D21C31009CC}.Release|Win32.Build.0 = Release|Win32
		{98FF9AEC-5AFE-4E24-B87B-A2815564223E}.Debug|Win32.ActiveCfg = Debug|Win32
		{98FF9AEC-5AFE-4E24-B87B-A2815564223E}.Debug|Win32.Build.0 = Debug|Win32
		{98FF9AEC-5AFE-4E24-B87B-A2815564223E}.Release|Win32.ActiveCfg = Release|Win32
		{98FF9AEC-5AFE-4E24-B87B-A2815564223E}.Release|Win32.Build.0 = Release|Win32
		{55A3391D-580C-4BE7-9474-81222515C319}.Debug|Win32.ActiveCfg = Debug|Win32
		{55A3391D-580C-4BE7-9474-81222515C319}.Debug|Win32.Build.0 = Debug|Win32
		{55A3391D-580C-4BE7-9474-81222515C319}.Release|Win32.ActiveCfg = Release|Win32
		{55A3391D-580C-4BE7-9474-81222515C319}.Release|Win32.Build.0 = Release|Win32
	EndGlobalSection
	GlobalSection(SolutionProperties) = preSolution
		HideSolutionNode = FALSE
	EndGlobalSection
EndGlobal
