
Microsoft Visual Studio Solution File, Format Version 12.00
# Visual Studio 2012
Project("{8BC9CEB8-8B4A-11D0-8D11-00A0C91BC942}") = "OOP_test_application_1", "OOP_test_application_1\OOP_test_application_1.vcxproj", "{874265A4-D401-42D9-9717-A30821888D56}"
EndProject
Global
	GlobalSection(SolutionConfigurationPlatforms) = preSolution
		Debug|Win32 = Debug|Win32
		Release|Win32 = Release|Win32
	EndGlobalSection
	GlobalSection(ProjectConfigurationPlatforms) = postSolution
		{874265A4-D401-42D9-9717-A30821888D56}.Debug|Win32.ActiveCfg = Debug|Win32
		{874265A4-D401-42D9-9717-A30821888D56}.Debug|Win32.Build.0 = Debug|Win32
		{874265A4-D401-42D9-9717-A30821888D56}.Release|Win32.ActiveCfg = Release|Win32
		{874265A4-D401-42D9-9717-A30821888D56}.Release|Win32.Build.0 = Release|Win32
	EndGlobalSection
	GlobalSection(SolutionProperties) = preSolution
		HideSolutionNode = FALSE
	EndGlobalSection
EndGlobal
